// !$*UTF8*$!
{
	archiveVersion = 1;
	classes = {
	};
	objectVersion = 46;
	objects = {

/* Begin PBXBuildFile section */
		B60765071D748A3F00E14F89 /* MyOpenGLView.m in Sources */ = {isa = PBXBuildFile; fileRef = B60765061D748A3F00E14F89 /* MyOpenGLView.m */; };
		B6D1D6111D74884100D93550 /* AppDelegate.m in Sources */ = {isa = PBXBuildFile; fileRef = B6D1D6101D74884100D93550 /* AppDelegate.m */; };
		B6D1D6141D74884100D93550 /* main.m in Sources */ = {isa = PBXBuildFile; fileRef = B6D1D6131D74884100D93550 /* main.m */; };
		B6D1D6161D74884100D93550 /* Assets.xcassets in Resources */ = {isa = PBXBuildFile; fileRef = B6D1D6151D74884100D93550 /* Assets.xcassets */; };
		B6D1D6191D74884100D93550 /* MainMenu.xib in Resources */ = {isa = PBXBuildFile; fileRef = B6D1D6171D74884100D93550 /* MainMenu.xib */; };
/* End PBXBuildFile section */

/* Begin PBXFileReference section */
		B60765051D7489FD00E14F89 /* MyOpenGLView.h */ = {isa = PBXFileReference; fileEncoding = 4; lastKnownFileType = sourcecode.c.h; path = MyOpenGLView.h; sourceTree = "<group>"; };
		B60765061D748A3F00E14F89 /* MyOpenGLView.m */ = {isa = PBXFileReference; fileEncoding = 4; lastKnownFileType = sourcecode.c.objc; path = MyOpenGLView.m; sourceTree = "<group>"; };
		B6D1D60C1D74884100D93550 /* miura.app */ = {isa = PBXFileReference; explicitFileType = wrapper.application; includeInIndex = 0; path = miura.app; sourceTree = BUILT_PRODUCTS_DIR; };
		B6D1D60F1D74884100D93550 /* AppDelegate.h */ = {isa = PBXFileReference; lastKnownFileType = sourcecode.c.h; path = AppDelegate.h; sourceTree = "<group>"; };
		B6D1D6101D74884100D93550 /* AppDelegate.m */ = {isa = PBXFileReference; lastKnownFileType = sourcecode.c.objc; path = AppDelegate.m; sourceTree = "<group>"; };
		B6D1D6131D74884100D93550 /* main.m */ = {isa = PBXFileReference; lastKnownFileType = sourcecode.c.objc; path = main.m; sourceTree = "<group>"; };
		B6D1D6151D74884100D93550 /* Assets.xcassets */ = {isa = PBXFileReference; lastKnownFileType = folder.assetcatalog; path = Assets.xcassets; sourceTree = "<group>"; };
		B6D1D6181D74884100D93550 /* Base */ = {isa = PBXFileReference; lastKnownFileType = file.xib; name = Base; path = Base.lproj/MainMenu.xib; sourceTree = "<group>"; };
		B6D1D61A1D74884100D93550 /* Info.plist */ = {isa = PBXFileReference; lastKnownFileType = text.plist.xml; path = Info.plist; sourceTree = "<group>"; };
/* End PBXFileReference section */

/* Begin PBXFrameworksBuildPhase section */
		B6D1D6091D74884100D93550 /* Frameworks */ = {
			isa = PBXFrameworksBuildPhase;
			buildActionMask = 2147483647;
			files = (
			);
			runOnlyForDeploymentPostprocessing = 0;
		};
/* End PBXFrameworksBuildPhase section */

/* Begin PBXGroup section */
		B6D1D6031D74884100D93550 = {
			isa = PBXGroup;
			children = (
				B6D1D60E1D74884100D93550 /* miura */,
				B6D1D60D1D74884100D93550 /* Products */,
			);
			sourceTree = "<group>";
		};
		B6D1D60D1D74884100D93550 /* Products */ = {
			isa = PBXGroup;
			children = (
				B6D1D60C1D74884100D93550 /* miura.app */,
			);
			name = Products;
			sourceTree = "<group>";
		};
		B6D1D60E1D74884100D93550 /* miura */ = {
			isa = PBXGroup;
			children = (
				B60765051D7489FD00E14F89 /* MyOpenGLView.h */,
				B60765061D748A3F00E14F89 /* MyOpenGLView.m */,
				B6D1D60F1D74884100D93550 /* AppDelegate.h */,
				B6D1D6101D74884100D93550 /* AppDelegate.m */,
				B6D1D6151D74884100D93550 /* Assets.xcassets */,
				B6D1D6171D74884100D93550 /* MainMenu.xib */,
				B6D1D61A1D74884100D93550 /* Info.plist */,
				B6D1D6121D74884100D93550 /* Supporting Files */,
			);
			path = miura;
			sourceTree = "<group>";
		};
		B6D1D6121D74884100D93550 /* Supporting Files */ = {
			isa = PBXGroup;
			children = (
				B6D1D6131D74884100D93550 /* main.m */,
			);
			name = "Supporting Files";
			sourceTree = "<group>";
		};
/* End PBXGroup section */

/* Begin PBXNativeTarget section */
		B6D1D60B1D74884100D93550 /* miura */ = {
			isa = PBXNativeTarget;
			buildConfigurationList = B6D1D61D1D74884100D93550 /* Build configuration list for PBXNativeTarget "miura" */;
			buildPhases = (
				B6D1D6081D74884100D93550 /* Sources */,
				B6D1D6091D74884100D93550 /* Frameworks */,
				B6D1D60A1D74884100D93550 /* Resources */,
			);
			buildRules = (
			);
			dependencies = (
			);
			name = miura;
			productName = miura;
			productReference = B6D1D60C1D74884100D93550 /* miura.app */;
			productType = "com.apple.product-type.application";
		};
/* End PBXNativeTarget section */

/* Begin PBXProject section */
		B6D1D6041D74884100D93550 /* Project object */ = {
			isa = PBXProject;
			attributes = {
				LastUpgradeCheck = 0730;
				ORGANIZATIONNAME = jintiao;
				TargetAttributes = {
					B6D1D60B1D74884100D93550 = {
						CreatedOnToolsVersion = 7.3.1;
					};
				};
			};
			buildConfigurationList = B6D1D6071D74884100D93550 /* Build configuration list for PBXProject "miura" */;
			compatibilityVersion = "Xcode 3.2";
			developmentRegion = English;
			hasScannedForEncodings = 0;
			knownRegions = (
				en,
				Base,
			);
			mainGroup = B6D1D6031D74884100D93550;
			productRefGroup = B6D1D60D1D74884100D93550 /* Products */;
			projectDirPath = "";
			projectRoot = "";
			targets = (
				B6D1D60B1D74884100D93550 /* miura */,
			);
		};
/* End PBXProject section */

/* Begin PBXResourcesBuildPhase section */
		B6D1D60A1D74884100D93550 /* Resources */ = {
			isa = PBXResourcesBuildPhase;
			buildActionMask = 2147483647;
			files = (
				B6D1D6161D74884100D93550 /* Assets.xcassets in Resources */,
				B6D1D6191D74884100D93550 /* MainMenu.xib in Resources */,
			);
			runOnlyForDeploymentPostprocessing = 0;
		};
/* End PBXResourcesBuildPhase section */

/* Begin PBXSourcesBuildPhase section */
		B6D1D6081D74884100D93550 /* Sources */ = {
			isa = PBXSourcesBuildPhase;
			buildActionMask = 2147483647;
			files = (
				B6D1D6141D74884100D93550 /* main.m in Sources */,
				B6D1D6111D74884100D93550 /* AppDelegate.m in Sources */,
				B60765071D748A3F00E14F89 /* MyOpenGLView.m in Sources */,
			);
			runOnlyForDeploymentPostprocessing = 0;
		};
/* End PBXSourcesBuildPhase section */

/* Begin PBXVariantGroup section */
		B6D1D6171D74884100D93550 /* MainMenu.xib */ = {
			isa = PBXVariantGroup;
			children = (
				B6D1D6181D74884100D93550 /* Base */,
			);
			name = MainMenu.xib;
			sourceTree = "<group>";
		};
/* End PBXVariantGroup section */

/* Begin XCBuildConfiguration section */
		B6D1D61B1D74884100D93550 /* Debug */ = {
			isa = XCBuildConfiguration;
			buildSettings = {
				ALWAYS_SEARCH_USER_PATHS = NO;
				CLANG_ANALYZER_NONNULL = YES;
				CLANG_CXX_LANGUAGE_STANDARD = "gnu++0x";
				CLANG_CXX_LIBRARY = "libc++";
				CLANG_ENABLE_MODULES = YES;
				CLANG_ENABLE_OBJC_ARC = YES;
				CLANG_WARN_BOOL_CONVERSION = YES;
				CLANG_WARN_CONSTANT_CONVERSION = YES;
				CLANG_WARN_DIRECT_OBJC_ISA_USAGE = YES_ERROR;
				CLANG_WARN_EMPTY_BODY = YES;
				CLANG_WARN_ENUM_CONVERSION = YES;
				CLANG_WARN_INT_CONVERSION = YES;
				CLANG_WARN_OBJC_ROOT_CLASS = YES_ERROR;
				CLANG_WARN_UNREACHABLE_CODE = YES;
				CLANG_WARN__DUPLICATE_METHOD_MATCH = YES;
				CODE_SIGN_IDENTITY = "-";
				COPY_PHASE_STRIP = NO;
				DEBUG_INFORMATION_FORMAT = dwarf;
				ENABLE_STRICT_OBJC_MSGSEND = YES;
				ENABLE_TESTABILITY = YES;
				GCC_C_LANGUAGE_STANDARD = gnu99;
				GCC_DYNAMIC_NO_PIC = NO;
				GCC_NO_COMMON_BLOCKS = YES;
				GCC_OPTIMIZATION_LEVEL = 0;
				GCC_PREPROCESSOR_DEFINITIONS = (
					"DEBUG=1",
					"$(inherited)",
				);
				GCC_WARN_64_TO_32_BIT_CONVERSION = YES;
				GCC_WARN_ABOUT_RETURN_TYPE = YES_ERROR;
				GCC_WARN_UNDECLARED_SELECTOR = YES;
				GCC_WARN_UNINITIALIZED_AUTOS = YES_AGGRESSIVE;
				GCC_WARN_UNUSED_FUNCTION = YES;
				GCC_WARN_UNUSED_VARIABLE = YES;
				MACOSX_DEPLOYMENT_TARGET = 10.11;
				MTL_ENABLE_DEBUG_INFO = YES;
				ONLY_ACTIVE_ARCH = YES;
				SDKROOT = macosx;
			};
			name = Debug;
		};
		B6D1D61C1D74884100D93550 /* Release */ = {
			isa = XCBuildConfiguration;
			buildSettings = {
				ALWAYS_SEARCH_USER_PATHS = NO;
				CLANG_ANALYZER_NONNULL = YES;
				CLANG_CXX_LANGUAGE_STANDARD = "gnu++0x";
				CLANG_CXX_LIBRARY = "libc++";
				CLANG_ENABLE_MODULES = YES;
				CLANG_ENABLE_OBJC_ARC = YES;
				CLANG_WARN_BOOL_CONVERSION = YES;
				CLANG_WARN_CONSTANT_CONVERSION = YES;
				CLANG_WARN_DIRECT_OBJC_ISA_USAGE = YES_ERROR;
				CLANG_WARN_EMPTY_BODY = YES;
				CLANG_WARN_ENUM_CONVERSION = YES;
				CLANG_WARN_INT_CONVERSION = YES;
				CLANG_WARN_OBJC_ROOT_CLASS = YES_ERROR;
				CLANG_WARN_UNREACHABLE_CODE = YES;
				CLANG_WARN__DUPLICATE_METHOD_MATCH = YES;
				CODE_SIGN_IDENTITY = "-";
				COPY_PHASE_STRIP = NO;
				DEBUG_INFORMATION_FORMAT = "dwarf-with-dsym";
				ENABLE_NS_ASSERTIONS = NO;
				ENABLE_STRICT_OBJC_MSGSEND = YES;
				GCC_C_LANGUAGE_STANDARD = gnu99;
				GCC_NO_COMMON_BLOCKS = YES;
				GCC_WARN_64_TO_32_BIT_CONVERSION = YES;
				GCC_WARN_ABOUT_RETURN_TYPE = YES_ERROR;
				GCC_WARN_UNDECLARED_SELECTOR = YES;
				GCC_WARN_UNINITIALIZED_AUTOS = YES_AGGRESSIVE;
				GCC_WARN_UNUSED_FUNCTION = YES;
				GCC_WARN_UNUSED_VARIABLE = YES;
				MACOSX_DEPLOYMENT_TARGET = 10.11;
				MTL_ENABLE_DEBUG_INFO = NO;
				SDKROOT = macosx;
			};
			name = Release;
		};
		B6D1D61E1D74884100D93550 /* Debug */ = {
			isa = XCBuildConfiguration;
			buildSettings = {
				ASSETCATALOG_COMPILER_APPICON_NAME = AppIcon;
				COMBINE_HIDPI_IMAGES = YES;
				INFOPLIST_FILE = miura/Info.plist;
				LD_RUNPATH_SEARCH_PATHS = "$(inherited) @executable_path/../Frameworks";
				PRODUCT_BUNDLE_IDENTIFIER = jintiao.miura;
				PRODUCT_NAME = "$(TARGET_NAME)";
			};
			name = Debug;
		};
		B6D1D61F1D74884100D93550 /* Release */ = {
			isa = XCBuildConfiguration;
			buildSettings = {
				ASSETCATALOG_COMPILER_APPICON_NAME = AppIcon;
				COMBINE_HIDPI_IMAGES = YES;
				INFOPLIST_FILE = miura/Info.plist;
				LD_RUNPATH_SEARCH_PATHS = "$(inherited) @executable_path/../Frameworks";
				PRODUCT_BUNDLE_IDENTIFIER = jintiao.miura;
				PRODUCT_NAME = "$(TARGET_NAME)";
			};
			name = Release;
		};
/* End XCBuildConfiguration section */

/* Begin XCConfigurationList section */
		B6D1D6071D74884100D93550 /* Build configuration list for PBXProject "miura" */ = {
			isa = XCConfigurationList;
			buildConfigurations = (
				B6D1D61B1D74884100D93550 /* Debug */,
				B6D1D61C1D74884100D93550 /* Release */,
			);
			defaultConfigurationIsVisible = 0;
			defaultConfigurationName = Release;
		};
		B6D1D61D1D74884100D93550 /* Build configuration list for PBXNativeTarget "miura" */ = {
			isa = XCConfigurationList;
			buildConfigurations = (
				B6D1D61E1D74884100D93550 /* Debug */,
				B6D1D61F1D74884100D93550 /* Release */,
			);
			defaultConfigurationIsVisible = 0;
			defaultConfigurationName = Release;
		};
/* End XCConfigurationList section */
	};
	rootObject = B6D1D6041D74884100D93550 /* Project object */;
}
